
Microsoft Visual Studio Solution File, Format Version 12.00
# Visual Studio Version 17
VisualStudioVersion = 17.0.31912.275
MinimumVisualStudioVersion = 10.0.40219.1
Project("{FAE04EC0-301F-11D3-BF4B-00C04F79EFBC}") = "WeaponAttackSimulator", "WeaponAttackSimulator\WeaponAttackSimulator.csproj", "{3C7DA0B6-7F97-4DA1-B2D4-7FBE004C1C17}"
EndProject
Global
	GlobalSection(SolutionConfigurationPlatforms) = preSolution
		Debug|Any CPU = Debug|Any CPU
		Release|Any CPU = Release|Any CPU
	EndGlobalSection
	GlobalSection(ProjectConfigurationPlatforms) = postSolution
		{3C7DA0B6-7F97-4DA1-B2D4-7FBE004C1C17}.Debug|Any CPU.ActiveCfg = Debug|Any CPU
		{3C7DA0B6-7F97-4DA1-B2D4-7FBE004C1C17}.Debug|Any CPU.Build.0 = Debug|Any CPU
		{3C7DA0B6-7F97-4DA1-B2D4-7FBE004C1C17}.Release|Any CPU.ActiveCfg = Release|Any CPU
		{3C7DA0B6-7F97-4DA1-B2D4-7FBE004C1C17}.Release|Any CPU.Build.0 = Release|Any CPU
	EndGlobalSection
	GlobalSection(SolutionProperties) = preSolution
		HideSolutionNode = FALSE
	EndGlobalSection
	GlobalSection(ExtensibilityGlobals) = postSolution
		SolutionGuid = {29CD3F8A-6FD9-4664-8023-C0E6B321B845}
	EndGlobalSection
EndGlobal
